
Microsoft Visual Studio Solution File, Format Version 12.00
# Visual Studio 14
VisualStudioVersion = 14.0.25420.1
MinimumVisualStudioVersion = 10.0.40219.1
Project("{FAE04EC0-301F-11D3-BF4B-00C04F79EFBC}") = "SKV.DAL", "SKV.DAL\SKV.DAL.csproj", "{EBF46C7C-CB1C-4CD0-80CD-47AE32C9FA0E}"
EndProject
Project("{FAE04EC0-301F-11D3-BF4B-00C04F79EFBC}") = "SKV.BLL", "SKV.BLL\SKV.BLL.csproj", "{9759D337-D424-4166-8978-657F6ACCA2A2}"
EndProject
Project("{FAE04EC0-301F-11D3-BF4B-00C04F79EFBC}") = "SKV.PL", "SKV.PL\SKV.PL.csproj", "{19BA9AD8-84B8-45EE-86BC-B9B254B57D75}"
EndProject
Project("{FAE04EC0-301F-11D3-BF4B-00C04F79EFBC}") = "SKV.VML", "SKV.VML\SKV.VML.csproj", "{E6E986E8-8DA9-4D52-9F63-926F308D1037}"
EndProject
Project("{FAE04EC0-301F-11D3-BF4B-00C04F79EFBC}") = "SKV.DatabaseInitializer", "SKV.DatabaseInitializer\SKV.DatabaseInitializer.csproj", "{4657B8B0-3AE7-46FB-81AF-7EF195204D94}"
EndProject
Project("{FAE04EC0-301F-11D3-BF4B-00C04F79EFBC}") = "SKV.ML", "SKV.ML\SKV.ML.csproj", "{48C31015-40E5-4828-B49E-8607E440893E}"
EndProject
Global
	GlobalSection(SolutionConfigurationPlatforms) = preSolution
		Debug|Any CPU = Debug|Any CPU
		Release|Any CPU = Release|Any CPU
	EndGlobalSection
	GlobalSection(ProjectConfigurationPlatforms) = postSolution
		{EBF46C7C-CB1C-4CD0-80CD-47AE32C9FA0E}.Debug|Any CPU.ActiveCfg = Debug|Any CPU
		{EBF46C7C-CB1C-4CD0-80CD-47AE32C9FA0E}.Debug|Any CPU.Build.0 = Debug|Any CPU
		{EBF46C7C-CB1C-4CD0-80CD-47AE32C9FA0E}.Release|Any CPU.ActiveCfg = Release|Any CPU
		{EBF46C7C-CB1C-4CD0-80CD-47AE32C9FA0E}.Release|Any CPU.Build.0 = Release|Any CPU
		{9759D337-D424-4166-8978-657F6ACCA2A2}.Debug|Any CPU.ActiveCfg = Debug|Any CPU
		{9759D337-D424-4166-8978-657F6ACCA2A2}.Debug|Any CPU.Build.0 = Debug|Any CPU
		{9759D337-D424-4166-8978-657F6ACCA2A2}.Release|Any CPU.ActiveCfg = Release|Any CPU
		{9759D337-D424-4166-8978-657F6ACCA2A2}.Release|Any CPU.Build.0 = Release|Any CPU
		{19BA9AD8-84B8-45EE-86BC-B9B254B57D75}.Debug|Any CPU.ActiveCfg = Debug|Any CPU
		{19BA9AD8-84B8-45EE-86BC-B9B254B57D75}.Debug|Any CPU.Build.0 = Debug|Any CPU
		{19BA9AD8-84B8-45EE-86BC-B9B254B57D75}.Release|Any CPU.ActiveCfg = Release|Any CPU
		{19BA9AD8-84B8-45EE-86BC-B9B254B57D75}.Release|Any CPU.Build.0 = Release|Any CPU
		{E6E986E8-8DA9-4D52-9F63-926F308D1037}.Debug|Any CPU.ActiveCfg = Debug|Any CPU
		{E6E986E8-8DA9-4D52-9F63-926F308D1037}.Debug|Any CPU.Build.0 = Debug|Any CPU
		{E6E986E8-8DA9-4D52-9F63-926F308D1037}.Release|Any CPU.ActiveCfg = Release|Any CPU
		{E6E986E8-8DA9-4D52-9F63-926F308D1037}.Release|Any CPU.Build.0 = Release|Any CPU
		{4657B8B0-3AE7-46FB-81AF-7EF195204D94}.Debug|Any CPU.ActiveCfg = Debug|Any CPU
		{4657B8B0-3AE7-46FB-81AF-7EF195204D94}.Debug|Any CPU.Build.0 = Debug|Any CPU
		{4657B8B0-3AE7-46FB-81AF-7EF195204D94}.Release|Any CPU.ActiveCfg = Release|Any CPU
		{4657B8B0-3AE7-46FB-81AF-7EF195204D94}.Release|Any CPU.Build.0 = Release|Any CPU
		{48C31015-40E5-4828-B49E-8607E440893E}.Debug|Any CPU.ActiveCfg = Debug|Any CPU
		{48C31015-40E5-4828-B49E-8607E440893E}.Debug|Any CPU.Build.0 = Debug|Any CPU
		{48C31015-40E5-4828-B49E-8607E440893E}.Release|Any CPU.ActiveCfg = Release|Any CPU
		{48C31015-40E5-4828-B49E-8607E440893E}.Release|Any CPU.Build.0 = Release|Any CPU
	EndGlobalSection
	GlobalSection(SolutionProperties) = preSolution
		HideSolutionNode = FALSE
	EndGlobalSection
EndGlobal
